
Microsoft Visual Studio Solution File, Format Version 12.00
# Visual Studio 2012
Project("{8BC9CEB8-8B4A-11D0-8D11-00A0C91BC942}") = "Main", "Main\Main.vcxproj", "{B21B91B1-314A-4669-BB6A-60331A6147BE}"
	ProjectSection(ProjectDependencies) = postProject
		{2889B041-DA47-4E5E-BA42-DA596D8785EC} = {2889B041-DA47-4E5E-BA42-DA596D8785EC}
		{469B2197-6D1B-4123-9B90-B10D43C7CBF2} = {469B2197-6D1B-4123-9B90-B10D43C7CBF2}
		{CE2E28E3-0A39-427E-891B-0353B0AAF61D} = {CE2E28E3-0A39-427E-891B-0353B0AAF61D}
		{C81A83E4-5FC2-48E9-A9CD-BF5835601892} = {C81A83E4-5FC2-48E9-A9CD-BF5835601892}
	EndProjectSection
EndProject
Project("{8BC9CEB8-8B4A-11D0-8D11-00A0C91BC942}") = "OpenCLInterface", "OpenCLpp\OpenCLInterface\OpenCLInterface.vcxproj", "{C81A83E4-5FC2-48E9-A9CD-BF5835601892}"
EndProject
Project("{8BC9CEB8-8B4A-11D0-8D11-00A0C91BC942}") = "OpenCLDeviceTest", "OpenCLpp\OpenCLDeviceTest\OpenCLDeviceTest.vcxproj", "{8B071259-3D40-4D45-9FD1-9F5ADF744577}"
	ProjectSection(ProjectDependencies) = postProject
		{C81A83E4-5FC2-48E9-A9CD-BF5835601892} = {C81A83E4-5FC2-48E9-A9CD-BF5835601892}
	EndProjectSection
EndProject
Project("{8BC9CEB8-8B4A-11D0-8D11-00A0C91BC942}") = "OpenCLAlgorithmTest", "OpenCLpp\OpenCLAlgorithmTest\OpenCLAlgorithmTest.vcxproj", "{626BE3A3-67B7-43CA-8447-3904C5B84FFE}"
	ProjectSection(ProjectDependencies) = postProject
		{C81A83E4-5FC2-48E9-A9CD-BF5835601892} = {C81A83E4-5FC2-48E9-A9CD-BF5835601892}
	EndProjectSection
EndProject
Project("{8BC9CEB8-8B4A-11D0-8D11-00A0C91BC942}") = "ScaleSpace", "ScaleSpace\ScaleSpace.vcxproj", "{CE2E28E3-0A39-427E-891B-0353B0AAF61D}"
	ProjectSection(ProjectDependencies) = postProject
		{C81A83E4-5FC2-48E9-A9CD-BF5835601892} = {C81A83E4-5FC2-48E9-A9CD-BF5835601892}
	EndProjectSection
EndProject
Project("{8BC9CEB8-8B4A-11D0-8D11-00A0C91BC942}") = "ScaleSpaceTest", "ScaleSpaceTest\ScaleSpaceTest.vcxproj", "{597EF6D2-EF4C-4782-9B4C-7A9EB6CD025D}"
	ProjectSection(ProjectDependencies) = postProject
		{CE2E28E3-0A39-427E-891B-0353B0AAF61D} = {CE2E28E3-0A39-427E-891B-0353B0AAF61D}
	EndProjectSection
EndProject
Project("{8BC9CEB8-8B4A-11D0-8D11-00A0C91BC942}") = "JAICameraInterface", "JAICameraInterface\JAICameraInterface.vcxproj", "{469B2197-6D1B-4123-9B90-B10D43C7CBF2}"
EndProject
Project("{8BC9CEB8-8B4A-11D0-8D11-00A0C91BC942}") = "TTime", "TTime\TTime\TTime.vcxproj", "{2889B041-DA47-4E5E-BA42-DA596D8785EC}"
EndProject
Global
	GlobalSection(SolutionConfigurationPlatforms) = preSolution
		Debug|Win32 = Debug|Win32
		DebugNoTest|Win32 = DebugNoTest|Win32
		Release|Win32 = Release|Win32
	EndGlobalSection
	GlobalSection(ProjectConfigurationPlatforms) = postSolution
		{B21B91B1-314A-4669-BB6A-60331A6147BE}.Debug|Win32.ActiveCfg = Debug|Win32
		{B21B91B1-314A-4669-BB6A-60331A6147BE}.Debug|Win32.Build.0 = Debug|Win32
		{B21B91B1-314A-4669-BB6A-60331A6147BE}.DebugNoTest|Win32.ActiveCfg = Debug|Win32
		{B21B91B1-314A-4669-BB6A-60331A6147BE}.DebugNoTest|Win32.Build.0 = Debug|Win32
		{B21B91B1-314A-4669-BB6A-60331A6147BE}.Release|Win32.ActiveCfg = Release|Win32
		{B21B91B1-314A-4669-BB6A-60331A6147BE}.Release|Win32.Build.0 = Release|Win32
		{C81A83E4-5FC2-48E9-A9CD-BF5835601892}.Debug|Win32.ActiveCfg = Debug|Win32
		{C81A83E4-5FC2-48E9-A9CD-BF5835601892}.Debug|Win32.Build.0 = Debug|Win32
		{C81A83E4-5FC2-48E9-A9CD-BF5835601892}.DebugNoTest|Win32.ActiveCfg = Debug|Win32
		{C81A83E4-5FC2-48E9-A9CD-BF5835601892}.DebugNoTest|Win32.Build.0 = Debug|Win32
		{C81A83E4-5FC2-48E9-A9CD-BF5835601892}.Release|Win32.ActiveCfg = Release|Win32
		{C81A83E4-5FC2-48E9-A9CD-BF5835601892}.Release|Win32.Build.0 = Release|Win32
		{8B071259-3D40-4D45-9FD1-9F5ADF744577}.Debug|Win32.ActiveCfg = Debug|Win32
		{8B071259-3D40-4D45-9FD1-9F5ADF744577}.Debug|Win32.Build.0 = Debug|Win32
		{8B071259-3D40-4D45-9FD1-9F5ADF744577}.DebugNoTest|Win32.ActiveCfg = Debug|Win32
		{8B071259-3D40-4D45-9FD1-9F5ADF744577}.Release|Win32.ActiveCfg = Release|Win32
		{626BE3A3-67B7-43CA-8447-3904C5B84FFE}.Debug|Win32.ActiveCfg = Debug|Win32
		{626BE3A3-67B7-43CA-8447-3904C5B84FFE}.Debug|Win32.Build.0 = Debug|Win32
		{626BE3A3-67B7-43CA-8447-3904C5B84FFE}.DebugNoTest|Win32.ActiveCfg = Debug|Win32
		{626BE3A3-67B7-43CA-8447-3904C5B84FFE}.Release|Win32.ActiveCfg = Release|Win32
		{CE2E28E3-0A39-427E-891B-0353B0AAF61D}.Debug|Win32.ActiveCfg = Debug|Win32
		{CE2E28E3-0A39-427E-891B-0353B0AAF61D}.Debug|Win32.Build.0 = Debug|Win32
		{CE2E28E3-0A39-427E-891B-0353B0AAF61D}.DebugNoTest|Win32.ActiveCfg = Debug|Win32
		{CE2E28E3-0A39-427E-891B-0353B0AAF61D}.DebugNoTest|Win32.Build.0 = Debug|Win32
		{CE2E28E3-0A39-427E-891B-0353B0AAF61D}.Release|Win32.ActiveCfg = Release|Win32
		{CE2E28E3-0A39-427E-891B-0353B0AAF61D}.Release|Win32.Build.0 = Release|Win32
		{597EF6D2-EF4C-4782-9B4C-7A9EB6CD025D}.Debug|Win32.ActiveCfg = Debug|Win32
		{597EF6D2-EF4C-4782-9B4C-7A9EB6CD025D}.Debug|Win32.Build.0 = Debug|Win32
		{597EF6D2-EF4C-4782-9B4C-7A9EB6CD025D}.DebugNoTest|Win32.ActiveCfg = Debug|Win32
		{597EF6D2-EF4C-4782-9B4C-7A9EB6CD025D}.Release|Win32.ActiveCfg = Release|Win32
		{469B2197-6D1B-4123-9B90-B10D43C7CBF2}.Debug|Win32.ActiveCfg = Debug|Win32
		{469B2197-6D1B-4123-9B90-B10D43C7CBF2}.Debug|Win32.Build.0 = Debug|Win32
		{469B2197-6D1B-4123-9B90-B10D43C7CBF2}.DebugNoTest|Win32.ActiveCfg = Debug|Win32
		{469B2197-6D1B-4123-9B90-B10D43C7CBF2}.DebugNoTest|Win32.Build.0 = Debug|Win32
		{469B2197-6D1B-4123-9B90-B10D43C7CBF2}.Release|Win32.ActiveCfg = Release|Win32
		{469B2197-6D1B-4123-9B90-B10D43C7CBF2}.Release|Win32.Build.0 = Release|Win32
		{2889B041-DA47-4E5E-BA42-DA596D8785EC}.Debug|Win32.ActiveCfg = Debug|Win32
		{2889B041-DA47-4E5E-BA42-DA596D8785EC}.Debug|Win32.Build.0 = Debug|Win32
		{2889B041-DA47-4E5E-BA42-DA596D8785EC}.DebugNoTest|Win32.ActiveCfg = Debug|Win32
		{2889B041-DA47-4E5E-BA42-DA596D8785EC}.DebugNoTest|Win32.Build.0 = Debug|Win32
		{2889B041-DA47-4E5E-BA42-DA596D8785EC}.Release|Win32.ActiveCfg = Release|Win32
		{2889B041-DA47-4E5E-BA42-DA596D8785EC}.Release|Win32.Build.0 = Release|Win32
	EndGlobalSection
	GlobalSection(SolutionProperties) = preSolution
		HideSolutionNode = FALSE
	EndGlobalSection
EndGlobal
